
Microsoft Visual Studio Solution File, Format Version 12.00
# Visual Studio Version 17
VisualStudioVersion = 17.0.31903.59
MinimumVisualStudioVersion = 10.0.40219.1
Project("{FAE04EC0-301F-11D3-BF4B-00C04F79EFBC}") = "PlataformaIgrejaCrista.Domain", "PlataformaIgrejaCrista.Domain\PlataformaIgrejaCrista.Domain.csproj", "{13632115-1444-431A-B3CB-FAED86A2D966}"
EndProject
Project("{FAE04EC0-301F-11D3-BF4B-00C04F79EFBC}") = "PlataformaIgrejaCrista.Application", "PlataformaIgrejaCrista.Application\PlataformaIgrejaCrista.Application.csproj", "{FFF61659-E0AF-43A4-B454-531DBDA1636F}"
EndProject
Project("{FAE04EC0-301F-11D3-BF4B-00C04F79EFBC}") = "PlataformaIgrejaCrista.Infra.Data", "PlataformaIgrejaCrista.Infra.Data\PlataformaIgrejaCrista.Infra.Data.csproj", "{2D373470-FC25-42A6-B819-3D3709D69ABB}"
EndProject
Project("{FAE04EC0-301F-11D3-BF4B-00C04F79EFBC}") = "PlataformaIgrejaCrista.Infra.IoC", "PlataformaIgrejaCrista.Infra.IoC\PlataformaIgrejaCrista.Infra.IoC.csproj", "{60129B9C-7469-42F1-BF45-5520DAD97D76}"
EndProject
Project("{FAE04EC0-301F-11D3-BF4B-00C04F79EFBC}") = "PlataformaIgrejaCrista.API", "PlataformaIgrejaCrista.API\PlataformaIgrejaCrista.API.csproj", "{BBEECA2E-DD2A-4181-9672-C2C516924F41}"
EndProject
Global
	GlobalSection(SolutionConfigurationPlatforms) = preSolution
		Debug|Any CPU = Debug|Any CPU
		Debug|x64 = Debug|x64
		Debug|x86 = Debug|x86
		Release|Any CPU = Release|Any CPU
		Release|x64 = Release|x64
		Release|x86 = Release|x86
	EndGlobalSection
	GlobalSection(ProjectConfigurationPlatforms) = postSolution
		{13632115-1444-431A-B3CB-FAED86A2D966}.Debug|Any CPU.ActiveCfg = Debug|Any CPU
		{13632115-1444-431A-B3CB-FAED86A2D966}.Debug|Any CPU.Build.0 = Debug|Any CPU
		{13632115-1444-431A-B3CB-FAED86A2D966}.Debug|x64.ActiveCfg = Debug|Any CPU
		{13632115-1444-431A-B3CB-FAED86A2D966}.Debug|x64.Build.0 = Debug|Any CPU
		{13632115-1444-431A-B3CB-FAED86A2D966}.Debug|x86.ActiveCfg = Debug|Any CPU
		{13632115-1444-431A-B3CB-FAED86A2D966}.Debug|x86.Build.0 = Debug|Any CPU
		{13632115-1444-431A-B3CB-FAED86A2D966}.Release|Any CPU.ActiveCfg = Release|Any CPU
		{13632115-1444-431A-B3CB-FAED86A2D966}.Release|Any CPU.Build.0 = Release|Any CPU
		{13632115-1444-431A-B3CB-FAED86A2D966}.Release|x64.ActiveCfg = Release|Any CPU
		{13632115-1444-431A-B3CB-FAED86A2D966}.Release|x64.Build.0 = Release|Any CPU
		{13632115-1444-431A-B3CB-FAED86A2D966}.Release|x86.ActiveCfg = Release|Any CPU
		{13632115-1444-431A-B3CB-FAED86A2D966}.Release|x86.Build.0 = Release|Any CPU
		{FFF61659-E0AF-43A4-B454-531DBDA1636F}.Debug|Any CPU.ActiveCfg = Debug|Any CPU
		{FFF61659-E0AF-43A4-B454-531DBDA1636F}.Debug|Any CPU.Build.0 = Debug|Any CPU
		{FFF61659-E0AF-43A4-B454-531DBDA1636F}.Debug|x64.ActiveCfg = Debug|Any CPU
		{FFF61659-E0AF-43A4-B454-531DBDA1636F}.Debug|x64.Build.0 = Debug|Any CPU
		{FFF61659-E0AF-43A4-B454-531DBDA1636F}.Debug|x86.ActiveCfg = Debug|Any CPU
		{FFF61659-E0AF-43A4-B454-531DBDA1636F}.Debug|x86.Build.0 = Debug|Any CPU
		{FFF61659-E0AF-43A4-B454-531DBDA1636F}.Release|Any CPU.ActiveCfg = Release|Any CPU
		{FFF61659-E0AF-43A4-B454-531DBDA1636F}.Release|Any CPU.Build.0 = Release|Any CPU
		{FFF61659-E0AF-43A4-B454-531DBDA1636F}.Release|x64.ActiveCfg = Release|Any CPU
		{FFF61659-E0AF-43A4-B454-531DBDA1636F}.Release|x64.Build.0 = Release|Any CPU
		{FFF61659-E0AF-43A4-B454-531DBDA1636F}.Release|x86.ActiveCfg = Release|Any CPU
		{FFF61659-E0AF-43A4-B454-531DBDA1636F}.Release|x86.Build.0 = Release|Any CPU
		{2D373470-FC25-42A6-B819-3D3709D69ABB}.Debug|Any CPU.ActiveCfg = Debug|Any CPU
		{2D373470-FC25-42A6-B819-3D3709D69ABB}.Debug|Any CPU.Build.0 = Debug|Any CPU
		{2D373470-FC25-42A6-B819-3D3709D69ABB}.Debug|x64.ActiveCfg = Debug|Any CPU
		{2D373470-FC25-42A6-B819-3D3709D69ABB}.Debug|x64.Build.0 = Debug|Any CPU
		{2D373470-FC25-42A6-B819-3D3709D69ABB}.Debug|x86.ActiveCfg = Debug|Any CPU
		{2D373470-FC25-42A6-B819-3D3709D69ABB}.Debug|x86.Build.0 = Debug|Any CPU
		{2D373470-FC25-42A6-B819-3D3709D69ABB}.Release|Any CPU.ActiveCfg = Release|Any CPU
		{2D373470-FC25-42A6-B819-3D3709D69ABB}.Release|Any CPU.Build.0 = Release|Any CPU
		{2D373470-FC25-42A6-B819-3D3709D69ABB}.Release|x64.ActiveCfg = Release|Any CPU
		{2D373470-FC25-42A6-B819-3D3709D69ABB}.Release|x64.Build.0 = Release|Any CPU
		{2D373470-FC25-42A6-B819-3D3709D69ABB}.Release|x86.ActiveCfg = Release|Any CPU
		{2D373470-FC25-42A6-B819-3D3709D69ABB}.Release|x86.Build.0 = Release|Any CPU
		{60129B9C-7469-42F1-BF45-5520DAD97D76}.Debug|Any CPU.ActiveCfg = Debug|Any CPU
		{60129B9C-7469-42F1-BF45-5520DAD97D76}.Debug|Any CPU.Build.0 = Debug|Any CPU
		{60129B9C-7469-42F1-BF45-5520DAD97D76}.Debug|x64.ActiveCfg = Debug|Any CPU
		{60129B9C-7469-42F1-BF45-5520DAD97D76}.Debug|x64.Build.0 = Debug|Any CPU
		{60129B9C-7469-42F1-BF45-5520DAD97D76}.Debug|x86.ActiveCfg = Debug|Any CPU
		{60129B9C-7469-42F1-BF45-5520DAD97D76}.Debug|x86.Build.0 = Debug|Any CPU
		{60129B9C-7469-42F1-BF45-5520DAD97D76}.Release|Any CPU.ActiveCfg = Release|Any CPU
		{60129B9C-7469-42F1-BF45-5520DAD97D76}.Release|Any CPU.Build.0 = Release|Any CPU
		{60129B9C-7469-42F1-BF45-5520DAD97D76}.Release|x64.ActiveCfg = Release|Any CPU
		{60129B9C-7469-42F1-BF45-5520DAD97D76}.Release|x64.Build.0 = Release|Any CPU
		{60129B9C-7469-42F1-BF45-5520DAD97D76}.Release|x86.ActiveCfg = Release|Any CPU
		{60129B9C-7469-42F1-BF45-5520DAD97D76}.Release|x86.Build.0 = Release|Any CPU
		{BBEECA2E-DD2A-4181-9672-C2C516924F41}.Debug|Any CPU.ActiveCfg = Debug|Any CPU
		{BBEECA2E-DD2A-4181-9672-C2C516924F41}.Debug|Any CPU.Build.0 = Debug|Any CPU
		{BBEECA2E-DD2A-4181-9672-C2C516924F41}.Debug|x64.ActiveCfg = Debug|Any CPU
		{BBEECA2E-DD2A-4181-9672-C2C516924F41}.Debug|x64.Build.0 = Debug|Any CPU
		{BBEECA2E-DD2A-4181-9672-C2C516924F41}.Debug|x86.ActiveCfg = Debug|Any CPU
		{BBEECA2E-DD2A-4181-9672-C2C516924F41}.Debug|x86.Build.0 = Debug|Any CPU
		{BBEECA2E-DD2A-4181-9672-C2C516924F41}.Release|Any CPU.ActiveCfg = Release|Any CPU
		{BBEECA2E-DD2A-4181-9672-C2C516924F41}.Release|Any CPU.Build.0 = Release|Any CPU
		{BBEECA2E-DD2A-4181-9672-C2C516924F41}.Release|x64.ActiveCfg = Release|Any CPU
		{BBEECA2E-DD2A-4181-9672-C2C516924F41}.Release|x64.Build.0 = Release|Any CPU
		{BBEECA2E-DD2A-4181-9672-C2C516924F41}.Release|x86.ActiveCfg = Release|Any CPU
		{BBEECA2E-DD2A-4181-9672-C2C516924F41}.Release|x86.Build.0 = Release|Any CPU
	EndGlobalSection
	GlobalSection(SolutionProperties) = preSolution
		HideSolutionNode = FALSE
	EndGlobalSection
EndGlobal
